
Microsoft Visual Studio Solution File, Format Version 12.00
# Visual Studio Version 17
VisualStudioVersion = 17.10.35122.118
MinimumVisualStudioVersion = 10.0.40219.1
Project("{FAE04EC0-301F-11D3-BF4B-00C04F79EFBC}") = "EjercicioTecXYZ", "EjercicioTecXYZ\EjercicioTecXYZ.csproj", "{FC3025FB-4AB8-40C4-AE27-C5C97874ED99}"
EndProject
Global
	GlobalSection(SolutionConfigurationPlatforms) = preSolution
		Debug|Any CPU = Debug|Any CPU
		Release|Any CPU = Release|Any CPU
	EndGlobalSection
	GlobalSection(ProjectConfigurationPlatforms) = postSolution
		{FC3025FB-4AB8-40C4-AE27-C5C97874ED99}.Debug|Any CPU.ActiveCfg = Debug|Any CPU
		{FC3025FB-4AB8-40C4-AE27-C5C97874ED99}.Debug|Any CPU.Build.0 = Debug|Any CPU
		{FC3025FB-4AB8-40C4-AE27-C5C97874ED99}.Release|Any CPU.ActiveCfg = Release|Any CPU
		{FC3025FB-4AB8-40C4-AE27-C5C97874ED99}.Release|Any CPU.Build.0 = Release|Any CPU
	EndGlobalSection
	GlobalSection(SolutionProperties) = preSolution
		HideSolutionNode = FALSE
	EndGlobalSection
	GlobalSection(ExtensibilityGlobals) = postSolution
		SolutionGuid = {90F571B6-6E6A-4361-8138-CD098E2D377D}
	EndGlobalSection
EndGlobal
